
Microsoft Visual Studio Solution File, Format Version 12.00
# Visual Studio Version 16
VisualStudioVersion = 25.0.1705.6
MinimumVisualStudioVersion = 10.0.40219.1
Project("{FAE04EC0-301F-11D3-BF4B-00C04F79EFBC}") = "CrudxApi", "CrudxApi\CrudxApi.csproj", "{AE88F21D-B5CF-47FE-9AA0-220792D14073}"
EndProject
Global
	GlobalSection(SolutionConfigurationPlatforms) = preSolution
		Debug|Any CPU = Debug|Any CPU
		Release|Any CPU = Release|Any CPU
	EndGlobalSection
	GlobalSection(ProjectConfigurationPlatforms) = postSolution
		{AE88F21D-B5CF-47FE-9AA0-220792D14073}.Debug|Any CPU.ActiveCfg = Debug|Any CPU
		{AE88F21D-B5CF-47FE-9AA0-220792D14073}.Debug|Any CPU.Build.0 = Debug|Any CPU
		{AE88F21D-B5CF-47FE-9AA0-220792D14073}.Release|Any CPU.ActiveCfg = Release|Any CPU
		{AE88F21D-B5CF-47FE-9AA0-220792D14073}.Release|Any CPU.Build.0 = Release|Any CPU
	EndGlobalSection
	GlobalSection(SolutionProperties) = preSolution
		HideSolutionNode = FALSE
	EndGlobalSection
	GlobalSection(ExtensibilityGlobals) = postSolution
		SolutionGuid = {549B32A1-9BA3-4626-A3A5-35611EE89EC3}
	EndGlobalSection
EndGlobal
